// !$*UTF8*$!
{
	archiveVersion = 1;
	classes = {
	};
	objectVersion = 50;
	objects = {

/* Begin PBXBuildFile section */
		AA22324C257B8DD400843D8B /* GameSceneField.swift in Sources */ = {isa = PBXBuildFile; fileRef = AA22324B257B8DD400843D8B /* GameSceneField.swift */; };
		AA709CD0257A61E800F573FE /* GameObjectFollowCamera.swift in Sources */ = {isa = PBXBuildFile; fileRef = AA709CCF257A61E800F573FE /* GameObjectFollowCamera.swift */; };
		AA7DFCCB2579D40F001941C0 /* Mario64App.swift in Sources */ = {isa = PBXBuildFile; fileRef = AA7DFCCA2579D40F001941C0 /* Mario64App.swift */; };
		AA7DFCCF2579D410001941C0 /* Assets.xcassets in Resources */ = {isa = PBXBuildFile; fileRef = AA7DFCCE2579D410001941C0 /* Assets.xcassets */; };
		AA7DFCD22579D410001941C0 /* Preview Assets.xcassets in Resources */ = {isa = PBXBuildFile; fileRef = AA7DFCD12579D410001941C0 /* Preview Assets.xcassets */; };
		AA7DFCDD2579D410001941C0 /* Mario64Tests.swift in Sources */ = {isa = PBXBuildFile; fileRef = AA7DFCDC2579D410001941C0 /* Mario64Tests.swift */; };
		AA7DFCE82579D410001941C0 /* Mario64UITests.swift in Sources */ = {isa = PBXBuildFile; fileRef = AA7DFCE72579D410001941C0 /* Mario64UITests.swift */; };
		AA7DFD052579D4CD001941C0 /* ContentView.swift in Sources */ = {isa = PBXBuildFile; fileRef = AA7DFD042579D4CD001941C0 /* ContentView.swift */; };
		AA7DFD0F2579D4F8001941C0 /* GameObjectButtonOverlay.swift in Sources */ = {isa = PBXBuildFile; fileRef = AA7DFD0B2579D4F7001941C0 /* GameObjectButtonOverlay.swift */; };
		AA7DFD102579D4F8001941C0 /* GameObjectPadOverlay.swift in Sources */ = {isa = PBXBuildFile; fileRef = AA7DFD0C2579D4F7001941C0 /* GameObjectPadOverlay.swift */; };
		AA7DFD112579D4F8001941C0 /* GameObject.swift in Sources */ = {isa = PBXBuildFile; fileRef = AA7DFD0D2579D4F7001941C0 /* GameObject.swift */; };
		AA7DFD122579D4F8001941C0 /* GameObjectRenderer.swift in Sources */ = {isa = PBXBuildFile; fileRef = AA7DFD0E2579D4F8001941C0 /* GameObjectRenderer.swift */; };
		AA7DFD1C2579D500001941C0 /* CharacterPhysics.swift in Sources */ = {isa = PBXBuildFile; fileRef = AA7DFD162579D500001941C0 /* CharacterPhysics.swift */; };
		AA7DFD1D2579D500001941C0 /* CharacterAnimation.swift in Sources */ = {isa = PBXBuildFile; fileRef = AA7DFD172579D500001941C0 /* CharacterAnimation.swift */; };
		AA7DFD1E2579D500001941C0 /* CharacterAnimations.swift in Sources */ = {isa = PBXBuildFile; fileRef = AA7DFD182579D500001941C0 /* CharacterAnimations.swift */; };
		AA7DFD1F2579D500001941C0 /* CharacterUpdate.swift in Sources */ = {isa = PBXBuildFile; fileRef = AA7DFD192579D500001941C0 /* CharacterUpdate.swift */; };
		AA7DFD202579D500001941C0 /* CharacterDirection.swift in Sources */ = {isa = PBXBuildFile; fileRef = AA7DFD1A2579D500001941C0 /* CharacterDirection.swift */; };
		AA7DFD212579D500001941C0 /* Character.swift in Sources */ = {isa = PBXBuildFile; fileRef = AA7DFD1B2579D500001941C0 /* Character.swift */; };
		AA7DFD2C2579D510001941C0 /* GameSceneCupsule.swift in Sources */ = {isa = PBXBuildFile; fileRef = AA7DFD282579D510001941C0 /* GameSceneCupsule.swift */; };
		AA7DFD2D2579D510001941C0 /* GameSceneCamera.swift in Sources */ = {isa = PBXBuildFile; fileRef = AA7DFD292579D510001941C0 /* GameSceneCamera.swift */; };
		AA7DFD2E2579D510001941C0 /* GameScene.swift in Sources */ = {isa = PBXBuildFile; fileRef = AA7DFD2A2579D510001941C0 /* GameScene.swift */; };
		AA7DFD2F2579D510001941C0 /* GameSceneFox.swift in Sources */ = {isa = PBXBuildFile; fileRef = AA7DFD2B2579D510001941C0 /* GameSceneFox.swift */; };
		AA7DFD342579D519001941C0 /* OverlaySKScene.swift in Sources */ = {isa = PBXBuildFile; fileRef = AA7DFD332579D519001941C0 /* OverlaySKScene.swift */; };
		AA7DFD3B2579D52D001941C0 /* ButtonOverlay.swift in Sources */ = {isa = PBXBuildFile; fileRef = AA7DFD392579D52D001941C0 /* ButtonOverlay.swift */; };
		AA7DFD3C2579D52D001941C0 /* PadOverlay.swift in Sources */ = {isa = PBXBuildFile; fileRef = AA7DFD3A2579D52D001941C0 /* PadOverlay.swift */; };
		AA7DFD412579D53A001941C0 /* SimdExtensions.swift in Sources */ = {isa = PBXBuildFile; fileRef = AA7DFD402579D53A001941C0 /* SimdExtensions.swift */; };
		AA7DFD492579D56A001941C0 /* art.scnassets in Resources */ = {isa = PBXBuildFile; fileRef = AA7DFD482579D56A001941C0 /* art.scnassets */; };
/* End PBXBuildFile section */

/* Begin PBXContainerItemProxy section */
		AA7DFCD92579D410001941C0 /* PBXContainerItemProxy */ = {
			isa = PBXContainerItemProxy;
			containerPortal = AA7DFCBF2579D40F001941C0 /* Project object */;
			proxyType = 1;
			remoteGlobalIDString = AA7DFCC62579D40F001941C0;
			remoteInfo = Mario64;
		};
		AA7DFCE42579D410001941C0 /* PBXContainerItemProxy */ = {
			isa = PBXContainerItemProxy;
			containerPortal = AA7DFCBF2579D40F001941C0 /* Project object */;
			proxyType = 1;
			remoteGlobalIDString = AA7DFCC62579D40F001941C0;
			remoteInfo = Mario64;
		};
/* End PBXContainerItemProxy section */

/* Begin PBXFileReference section */
		AA22324B257B8DD400843D8B /* GameSceneField.swift */ = {isa = PBXFileReference; lastKnownFileType = sourcecode.swift; path = GameSceneField.swift; sourceTree = "<group>"; };
		AA709CCF257A61E800F573FE /* GameObjectFollowCamera.swift */ = {isa = PBXFileReference; fileEncoding = 4; lastKnownFileType = sourcecode.swift; path = GameObjectFollowCamera.swift; sourceTree = "<group>"; };
		AA7DFCC72579D40F001941C0 /* Mario64.app */ = {isa = PBXFileReference; explicitFileType = wrapper.application; includeInIndex = 0; path = Mario64.app; sourceTree = BUILT_PRODUCTS_DIR; };
		AA7DFCCA2579D40F001941C0 /* Mario64App.swift */ = {isa = PBXFileReference; lastKnownFileType = sourcecode.swift; path = Mario64App.swift; sourceTree = "<group>"; };
		AA7DFCCE2579D410001941C0 /* Assets.xcassets */ = {isa = PBXFileReference; lastKnownFileType = folder.assetcatalog; path = Assets.xcassets; sourceTree = "<group>"; };
		AA7DFCD12579D410001941C0 /* Preview Assets.xcassets */ = {isa = PBXFileReference; lastKnownFileType = folder.assetcatalog; path = "Preview Assets.xcassets"; sourceTree = "<group>"; };
		AA7DFCD32579D410001941C0 /* Info.plist */ = {isa = PBXFileReference; lastKnownFileType = text.plist.xml; path = Info.plist; sourceTree = "<group>"; };
		AA7DFCD82579D410001941C0 /* Mario64Tests.xctest */ = {isa = PBXFileReference; explicitFileType = wrapper.cfbundle; includeInIndex = 0; path = Mario64Tests.xctest; sourceTree = BUILT_PRODUCTS_DIR; };
		AA7DFCDC2579D410001941C0 /* Mario64Tests.swift */ = {isa = PBXFileReference; lastKnownFileType = sourcecode.swift; path = Mario64Tests.swift; sourceTree = "<group>"; };
		AA7DFCDE2579D410001941C0 /* Info.plist */ = {isa = PBXFileReference; lastKnownFileType = text.plist.xml; path = Info.plist; sourceTree = "<group>"; };
		AA7DFCE32579D410001941C0 /* Mario64UITests.xctest */ = {isa = PBXFileReference; explicitFileType = wrapper.cfbundle; includeInIndex = 0; path = Mario64UITests.xctest; sourceTree = BUILT_PRODUCTS_DIR; };
		AA7DFCE72579D410001941C0 /* Mario64UITests.swift */ = {isa = PBXFileReference; lastKnownFileType = sourcecode.swift; path = Mario64UITests.swift; sourceTree = "<group>"; };
		AA7DFCE92579D410001941C0 /* Info.plist */ = {isa = PBXFileReference; lastKnownFileType = text.plist.xml; path = Info.plist; sourceTree = "<group>"; };
		AA7DFD042579D4CD001941C0 /* ContentView.swift */ = {isa = PBXFileReference; fileEncoding = 4; lastKnownFileType = sourcecode.swift; path = ContentView.swift; sourceTree = "<group>"; };
		AA7DFD0B2579D4F7001941C0 /* GameObjectButtonOverlay.swift */ = {isa = PBXFileReference; fileEncoding = 4; lastKnownFileType = sourcecode.swift; path = GameObjectButtonOverlay.swift; sourceTree = "<group>"; };
		AA7DFD0C2579D4F7001941C0 /* GameObjectPadOverlay.swift */ = {isa = PBXFileReference; fileEncoding = 4; lastKnownFileType = sourcecode.swift; path = GameObjectPadOverlay.swift; sourceTree = "<group>"; };
		AA7DFD0D2579D4F7001941C0 /* GameObject.swift */ = {isa = PBXFileReference; fileEncoding = 4; lastKnownFileType = sourcecode.swift; path = GameObject.swift; sourceTree = "<group>"; };
		AA7DFD0E2579D4F8001941C0 /* GameObjectRenderer.swift */ = {isa = PBXFileReference; fileEncoding = 4; lastKnownFileType = sourcecode.swift; path = GameObjectRenderer.swift; sourceTree = "<group>"; };
		AA7DFD162579D500001941C0 /* CharacterPhysics.swift */ = {isa = PBXFileReference; fileEncoding = 4; lastKnownFileType = sourcecode.swift; path = CharacterPhysics.swift; sourceTree = "<group>"; };
		AA7DFD172579D500001941C0 /* CharacterAnimation.swift */ = {isa = PBXFileReference; fileEncoding = 4; lastKnownFileType = sourcecode.swift; path = CharacterAnimation.swift; sourceTree = "<group>"; };
		AA7DFD182579D500001941C0 /* CharacterAnimations.swift */ = {isa = PBXFileReference; fileEncoding = 4; lastKnownFileType = sourcecode.swift; path = CharacterAnimations.swift; sourceTree = "<group>"; };
		AA7DFD192579D500001941C0 /* CharacterUpdate.swift */ = {isa = PBXFileReference; fileEncoding = 4; lastKnownFileType = sourcecode.swift; path = CharacterUpdate.swift; sourceTree = "<group>"; };
		AA7DFD1A2579D500001941C0 /* CharacterDirection.swift */ = {isa = PBXFileReference; fileEncoding = 4; lastKnownFileType = sourcecode.swift; path = CharacterDirection.swift; sourceTree = "<group>"; };
		AA7DFD1B2579D500001941C0 /* Character.swift */ = {isa = PBXFileReference; fileEncoding = 4; lastKnownFileType = sourcecode.swift; path = Character.swift; sourceTree = "<group>"; };
		AA7DFD282579D510001941C0 /* GameSceneCupsule.swift */ = {isa = PBXFileReference; fileEncoding = 4; lastKnownFileType = sourcecode.swift; path = GameSceneCupsule.swift; sourceTree = "<group>"; };
		AA7DFD292579D510001941C0 /* GameSceneCamera.swift */ = {isa = PBXFileReference; fileEncoding = 4; lastKnownFileType = sourcecode.swift; path = GameSceneCamera.swift; sourceTree = "<group>"; };
		AA7DFD2A2579D510001941C0 /* GameScene.swift */ = {isa = PBXFileReference; fileEncoding = 4; lastKnownFileType = sourcecode.swift; path = GameScene.swift; sourceTree = "<group>"; };
		AA7DFD2B2579D510001941C0 /* GameSceneFox.swift */ = {isa = PBXFileReference; fileEncoding = 4; lastKnownFileType = sourcecode.swift; path = GameSceneFox.swift; sourceTree = "<group>"; };
		AA7DFD332579D519001941C0 /* OverlaySKScene.swift */ = {isa = PBXFileReference; fileEncoding = 4; lastKnownFileType = sourcecode.swift; path = OverlaySKScene.swift; sourceTree = "<group>"; };
		AA7DFD392579D52D001941C0 /* ButtonOverlay.swift */ = {isa = PBXFileReference; fileEncoding = 4; lastKnownFileType = sourcecode.swift; path = ButtonOverlay.swift; sourceTree = "<group>"; };
		AA7DFD3A2579D52D001941C0 /* PadOverlay.swift */ = {isa = PBXFileReference; fileEncoding = 4; lastKnownFileType = sourcecode.swift; path = PadOverlay.swift; sourceTree = "<group>"; };
		AA7DFD402579D53A001941C0 /* SimdExtensions.swift */ = {isa = PBXFileReference; fileEncoding = 4; lastKnownFileType = sourcecode.swift; path = SimdExtensions.swift; sourceTree = "<group>"; };
		AA7DFD482579D56A001941C0 /* art.scnassets */ = {isa = PBXFileReference; lastKnownFileType = wrapper.scnassets; path = art.scnassets; sourceTree = "<group>"; };
/* End PBXFileReference section */

/* Begin PBXFrameworksBuildPhase section */
		AA7DFCC42579D40F001941C0 /* Frameworks */ = {
			isa = PBXFrameworksBuildPhase;
			buildActionMask = 2147483647;
			files = (
			);
			runOnlyForDeploymentPostprocessing = 0;
		};
		AA7DFCD52579D410001941C0 /* Frameworks */ = {
			isa = PBXFrameworksBuildPhase;
			buildActionMask = 2147483647;
			files = (
			);
			runOnlyForDeploymentPostprocessing = 0;
		};
		AA7DFCE02579D410001941C0 /* Frameworks */ = {
			isa = PBXFrameworksBuildPhase;
			buildActionMask = 2147483647;
			files = (
			);
			runOnlyForDeploymentPostprocessing = 0;
		};
/* End PBXFrameworksBuildPhase section */

/* Begin PBXGroup section */
		AA7DFCBE2579D40F001941C0 = {
			isa = PBXGroup;
			children = (
				AA7DFCC92579D40F001941C0 /* Mario64 */,
				AA7DFCDB2579D410001941C0 /* Mario64Tests */,
				AA7DFCE62579D410001941C0 /* Mario64UITests */,
				AA7DFCC82579D40F001941C0 /* Products */,
			);
			sourceTree = "<group>";
		};
		AA7DFCC82579D40F001941C0 /* Products */ = {
			isa = PBXGroup;
			children = (
				AA7DFCC72579D40F001941C0 /* Mario64.app */,
				AA7DFCD82579D410001941C0 /* Mario64Tests.xctest */,
				AA7DFCE32579D410001941C0 /* Mario64UITests.xctest */,
			);
			name = Products;
			sourceTree = "<group>";
		};
		AA7DFCC92579D40F001941C0 /* Mario64 */ = {
			isa = PBXGroup;
			children = (
				AA7DFCFC2579D48B001941C0 /* App */,
				AA7DFD032579D4A8001941C0 /* Views */,
				AA7DFD002579D493001941C0 /* Objects */,
				AA7DFD012579D499001941C0 /* SCNScenes */,
				AA7DFD022579D49F001941C0 /* SKScenes */,
				AA7DFCFB2579D476001941C0 /* Extensions */,
				AA7DFCCE2579D410001941C0 /* Assets.xcassets */,
				AA7DFD482579D56A001941C0 /* art.scnassets */,
				AA7DFCD32579D410001941C0 /* Info.plist */,
				AA7DFCD02579D410001941C0 /* Preview Content */,
			);
			path = Mario64;
			sourceTree = "<group>";
		};
		AA7DFCD02579D410001941C0 /* Preview Content */ = {
			isa = PBXGroup;
			children = (
				AA7DFCD12579D410001941C0 /* Preview Assets.xcassets */,
			);
			path = "Preview Content";
			sourceTree = "<group>";
		};
		AA7DFCDB2579D410001941C0 /* Mario64Tests */ = {
			isa = PBXGroup;
			children = (
				AA7DFCDC2579D410001941C0 /* Mario64Tests.swift */,
				AA7DFCDE2579D410001941C0 /* Info.plist */,
			);
			path = Mario64Tests;
			sourceTree = "<group>";
		};
		AA7DFCE62579D410001941C0 /* Mario64UITests */ = {
			isa = PBXGroup;
			children = (
				AA7DFCE72579D410001941C0 /* Mario64UITests.swift */,
				AA7DFCE92579D410001941C0 /* Info.plist */,
			);
			path = Mario64UITests;
			sourceTree = "<group>";
		};
		AA7DFCFB2579D476001941C0 /* Extensions */ = {
			isa = PBXGroup;
			children = (
				AA7DFD402579D53A001941C0 /* SimdExtensions.swift */,
			);
			path = Extensions;
			sourceTree = "<group>";
		};
		AA7DFCFC2579D48B001941C0 /* App */ = {
			isa = PBXGroup;
			children = (
				AA7DFCCA2579D40F001941C0 /* Mario64App.swift */,
			);
			path = App;
			sourceTree = "<group>";
		};
		AA7DFD002579D493001941C0 /* Objects */ = {
			isa = PBXGroup;
			children = (
				AA7DFD0A2579D4ED001941C0 /* GameObject */,
				AA7DFD092579D4E3001941C0 /* Character */,
			);
			path = Objects;
			sourceTree = "<group>";
		};
		AA7DFD012579D499001941C0 /* SCNScenes */ = {
			isa = PBXGroup;
			children = (
				AA7DFD2A2579D510001941C0 /* GameScene.swift */,
				AA22324B257B8DD400843D8B /* GameSceneField.swift */,
				AA7DFD292579D510001941C0 /* GameSceneCamera.swift */,
				AA7DFD282579D510001941C0 /* GameSceneCupsule.swift */,
				AA7DFD2B2579D510001941C0 /* GameSceneFox.swift */,
			);
			path = SCNScenes;
			sourceTree = "<group>";
		};
		AA7DFD022579D49F001941C0 /* SKScenes */ = {
			isa = PBXGroup;
			children = (
				AA7DFD332579D519001941C0 /* OverlaySKScene.swift */,
				AA7DFD382579D520001941C0 /* SKNodes */,
			);
			path = SKScenes;
			sourceTree = "<group>";
		};
		AA7DFD032579D4A8001941C0 /* Views */ = {
			isa = PBXGroup;
			children = (
				AA7DFD042579D4CD001941C0 /* ContentView.swift */,
			);
			path = Views;
			sourceTree = "<group>";
		};
		AA7DFD092579D4E3001941C0 /* Character */ = {
			isa = PBXGroup;
			children = (
				AA7DFD1B2579D500001941C0 /* Character.swift */,
				AA7DFD172579D500001941C0 /* CharacterAnimation.swift */,
				AA7DFD182579D500001941C0 /* CharacterAnimations.swift */,
				AA7DFD1A2579D500001941C0 /* CharacterDirection.swift */,
				AA7DFD162579D500001941C0 /* CharacterPhysics.swift */,
				AA7DFD192579D500001941C0 /* CharacterUpdate.swift */,
			);
			path = Character;
			sourceTree = "<group>";
		};
		AA7DFD0A2579D4ED001941C0 /* GameObject */ = {
			isa = PBXGroup;
			children = (
				AA7DFD0D2579D4F7001941C0 /* GameObject.swift */,
				AA7DFD0B2579D4F7001941C0 /* GameObjectButtonOverlay.swift */,
				AA7DFD0C2579D4F7001941C0 /* GameObjectPadOverlay.swift */,
				AA7DFD0E2579D4F8001941C0 /* GameObjectRenderer.swift */,
				AA709CCF257A61E800F573FE /* GameObjectFollowCamera.swift */,
			);
			path = GameObject;
			sourceTree = "<group>";
		};
		AA7DFD382579D520001941C0 /* SKNodes */ = {
			isa = PBXGroup;
			children = (
				AA7DFD392579D52D001941C0 /* ButtonOverlay.swift */,
				AA7DFD3A2579D52D001941C0 /* PadOverlay.swift */,
			);
			path = SKNodes;
			sourceTree = "<group>";
		};
/* End PBXGroup section */

/* Begin PBXNativeTarget section */
		AA7DFCC62579D40F001941C0 /* Mario64 */ = {
			isa = PBXNativeTarget;
			buildConfigurationList = AA7DFCEC2579D410001941C0 /* Build configuration list for PBXNativeTarget "Mario64" */;
			buildPhases = (
				AA7DFCC32579D40F001941C0 /* Sources */,
				AA7DFCC42579D40F001941C0 /* Frameworks */,
				AA7DFCC52579D40F001941C0 /* Resources */,
			);
			buildRules = (
			);
			dependencies = (
			);
			name = Mario64;
			productName = Mario64;
			productReference = AA7DFCC72579D40F001941C0 /* Mario64.app */;
			productType = "com.apple.product-type.application";
		};
		AA7DFCD72579D410001941C0 /* Mario64Tests */ = {
			isa = PBXNativeTarget;
			buildConfigurationList = AA7DFCEF2579D410001941C0 /* Build configuration list for PBXNativeTarget "Mario64Tests" */;
			buildPhases = (
				AA7DFCD42579D410001941C0 /* Sources */,
				AA7DFCD52579D410001941C0 /* Frameworks */,
				AA7DFCD62579D410001941C0 /* Resources */,
			);
			buildRules = (
			);
			dependencies = (
				AA7DFCDA2579D410001941C0 /* PBXTargetDependency */,
			);
			name = Mario64Tests;
			productName = Mario64Tests;
			productReference = AA7DFCD82579D410001941C0 /* Mario64Tests.xctest */;
			productType = "com.apple.product-type.bundle.unit-test";
		};
		AA7DFCE22579D410001941C0 /* Mario64UITests */ = {
			isa = PBXNativeTarget;
			buildConfigurationList = AA7DFCF22579D410001941C0 /* Build configuration list for PBXNativeTarget "Mario64UITests" */;
			buildPhases = (
				AA7DFCDF2579D410001941C0 /* Sources */,
				AA7DFCE02579D410001941C0 /* Frameworks */,
				AA7DFCE12579D410001941C0 /* Resources */,
			);
			buildRules = (
			);
			dependencies = (
				AA7DFCE52579D410001941C0 /* PBXTargetDependency */,
			);
			name = Mario64UITests;
			productName = Mario64UITests;
			productReference = AA7DFCE32579D410001941C0 /* Mario64UITests.xctest */;
			productType = "com.apple.product-type.bundle.ui-testing";
		};
/* End PBXNativeTarget section */

/* Begin PBXProject section */
		AA7DFCBF2579D40F001941C0 /* Project object */ = {
			isa = PBXProject;
			attributes = {
				LastSwiftUpdateCheck = 1220;
				LastUpgradeCheck = 1220;
				TargetAttributes = {
					AA7DFCC62579D40F001941C0 = {
						CreatedOnToolsVersion = 12.2;
					};
					AA7DFCD72579D410001941C0 = {
						CreatedOnToolsVersion = 12.2;
						TestTargetID = AA7DFCC62579D40F001941C0;
					};
					AA7DFCE22579D410001941C0 = {
						CreatedOnToolsVersion = 12.2;
						TestTargetID = AA7DFCC62579D40F001941C0;
					};
				};
			};
			buildConfigurationList = AA7DFCC22579D40F001941C0 /* Build configuration list for PBXProject "Mario64" */;
			compatibilityVersion = "Xcode 9.3";
			developmentRegion = en;
			hasScannedForEncodings = 0;
			knownRegions = (
				en,
				Base,
			);
			mainGroup = AA7DFCBE2579D40F001941C0;
			productRefGroup = AA7DFCC82579D40F001941C0 /* Products */;
			projectDirPath = "";
			projectRoot = "";
			targets = (
				AA7DFCC62579D40F001941C0 /* Mario64 */,
				AA7DFCD72579D410001941C0 /* Mario64Tests */,
				AA7DFCE22579D410001941C0 /* Mario64UITests */,
			);
		};
/* End PBXProject section */

/* Begin PBXResourcesBuildPhase section */
		AA7DFCC52579D40F001941C0 /* Resources */ = {
			isa = PBXResourcesBuildPhase;
			buildActionMask = 2147483647;
			files = (
				AA7DFCD22579D410001941C0 /* Preview Assets.xcassets in Resources */,
				AA7DFD492579D56A001941C0 /* art.scnassets in Resources */,
				AA7DFCCF2579D410001941C0 /* Assets.xcassets in Resources */,
			);
			runOnlyForDeploymentPostprocessing = 0;
		};
		AA7DFCD62579D410001941C0 /* Resources */ = {
			isa = PBXResourcesBuildPhase;
			buildActionMask = 2147483647;
			files = (
			);
			runOnlyForDeploymentPostprocessing = 0;
		};
		AA7DFCE12579D410001941C0 /* Resources */ = {
			isa = PBXResourcesBuildPhase;
			buildActionMask = 2147483647;
			files = (
			);
			runOnlyForDeploymentPostprocessing = 0;
		};
/* End PBXResourcesBuildPhase section */

/* Begin PBXSourcesBuildPhase section */
		AA7DFCC32579D40F001941C0 /* Sources */ = {
			isa = PBXSourcesBuildPhase;
			buildActionMask = 2147483647;
			files = (
				AA7DFD2F2579D510001941C0 /* GameSceneFox.swift in Sources */,
				AA7DFD3B2579D52D001941C0 /* ButtonOverlay.swift in Sources */,
				AA709CD0257A61E800F573FE /* GameObjectFollowCamera.swift in Sources */,
				AA7DFD212579D500001941C0 /* Character.swift in Sources */,
				AA7DFD2E2579D510001941C0 /* GameScene.swift in Sources */,
				AA7DFD202579D500001941C0 /* CharacterDirection.swift in Sources */,
				AA7DFD1C2579D500001941C0 /* CharacterPhysics.swift in Sources */,
				AA7DFD1E2579D500001941C0 /* CharacterAnimations.swift in Sources */,
				AA7DFCCB2579D40F001941C0 /* Mario64App.swift in Sources */,
				AA7DFD122579D4F8001941C0 /* GameObjectRenderer.swift in Sources */,
				AA7DFD3C2579D52D001941C0 /* PadOverlay.swift in Sources */,
				AA7DFD112579D4F8001941C0 /* GameObject.swift in Sources */,
				AA7DFD2D2579D510001941C0 /* GameSceneCamera.swift in Sources */,
				AA7DFD342579D519001941C0 /* OverlaySKScene.swift in Sources */,
				AA7DFD1F2579D500001941C0 /* CharacterUpdate.swift in Sources */,
				AA22324C257B8DD400843D8B /* GameSceneField.swift in Sources */,
				AA7DFD1D2579D500001941C0 /* CharacterAnimation.swift in Sources */,
				AA7DFD052579D4CD001941C0 /* ContentView.swift in Sources */,
				AA7DFD102579D4F8001941C0 /* GameObjectPadOverlay.swift in Sources */,
				AA7DFD412579D53A001941C0 /* SimdExtensions.swift in Sources */,
				AA7DFD2C2579D510001941C0 /* GameSceneCupsule.swift in Sources */,
				AA7DFD0F2579D4F8001941C0 /* GameObjectButtonOverlay.swift in Sources */,
			);
			runOnlyForDeploymentPostprocessing = 0;
		};
		AA7DFCD42579D410001941C0 /* Sources */ = {
			isa = PBXSourcesBuildPhase;
			buildActionMask = 2147483647;
			files = (
				AA7DFCDD2579D410001941C0 /* Mario64Tests.swift in Sources */,
			);
			runOnlyForDeploymentPostprocessing = 0;
		};
		AA7DFCDF2579D410001941C0 /* Sources */ = {
			isa = PBXSourcesBuildPhase;
			buildActionMask = 2147483647;
			files = (
				AA7DFCE82579D410001941C0 /* Mario64UITests.swift in Sources */,
			);
			runOnlyForDeploymentPostprocessing = 0;
		};
/* End PBXSourcesBuildPhase section */

/* Begin PBXTargetDependency section */
		AA7DFCDA2579D410001941C0 /* PBXTargetDependency */ = {
			isa = PBXTargetDependency;
			target = AA7DFCC62579D40F001941C0 /* Mario64 */;
			targetProxy = AA7DFCD92579D410001941C0 /* PBXContainerItemProxy */;
		};
		AA7DFCE52579D410001941C0 /* PBXTargetDependency */ = {
			isa = PBXTargetDependency;
			target = AA7DFCC62579D40F001941C0 /* Mario64 */;
			targetProxy = AA7DFCE42579D410001941C0 /* PBXContainerItemProxy */;
		};
/* End PBXTargetDependency section */

/* Begin XCBuildConfiguration section */
		AA7DFCEA2579D410001941C0 /* Debug */ = {
			isa = XCBuildConfiguration;
			buildSettings = {
				ALWAYS_SEARCH_USER_PATHS = NO;
				CLANG_ANALYZER_NONNULL = YES;
				CLANG_ANALYZER_NUMBER_OBJECT_CONVERSION = YES_AGGRESSIVE;
				CLANG_CXX_LANGUAGE_STANDARD = "gnu++14";
				CLANG_CXX_LIBRARY = "libc++";
				CLANG_ENABLE_MODULES = YES;
				CLANG_ENABLE_OBJC_ARC = YES;
				CLANG_ENABLE_OBJC_WEAK = YES;
				CLANG_WARN_BLOCK_CAPTURE_AUTORELEASING = YES;
				CLANG_WARN_BOOL_CONVERSION = YES;
				CLANG_WARN_COMMA = YES;
				CLANG_WARN_CONSTANT_CONVERSION = YES;
				CLANG_WARN_DEPRECATED_OBJC_IMPLEMENTATIONS = YES;
				CLANG_WARN_DIRECT_OBJC_ISA_USAGE = YES_ERROR;
				CLANG_WARN_DOCUMENTATION_COMMENTS = YES;
				CLANG_WARN_EMPTY_BODY = YES;
				CLANG_WARN_ENUM_CONVERSION = YES;
				CLANG_WARN_INFINITE_RECURSION = YES;
				CLANG_WARN_INT_CONVERSION = YES;
				CLANG_WARN_NON_LITERAL_NULL_CONVERSION = YES;
				CLANG_WARN_OBJC_IMPLICIT_RETAIN_SELF = YES;
				CLANG_WARN_OBJC_LITERAL_CONVERSION = YES;
				CLANG_WARN_OBJC_ROOT_CLASS = YES_ERROR;
				CLANG_WARN_QUOTED_INCLUDE_IN_FRAMEWORK_HEADER = YES;
				CLANG_WARN_RANGE_LOOP_ANALYSIS = YES;
				CLANG_WARN_STRICT_PROTOTYPES = YES;
				CLANG_WARN_SUSPICIOUS_MOVE = YES;
				CLANG_WARN_UNGUARDED_AVAILABILITY = YES_AGGRESSIVE;
				CLANG_WARN_UNREACHABLE_CODE = YES;
				CLANG_WARN__DUPLICATE_METHOD_MATCH = YES;
				COPY_PHASE_STRIP = NO;
				DEBUG_INFORMATION_FORMAT = dwarf;
				ENABLE_STRICT_OBJC_MSGSEND = YES;
				ENABLE_TESTABILITY = YES;
				GCC_C_LANGUAGE_STANDARD = gnu11;
				GCC_DYNAMIC_NO_PIC = NO;
				GCC_NO_COMMON_BLOCKS = YES;
				GCC_OPTIMIZATION_LEVEL = 0;
				GCC_PREPROCESSOR_DEFINITIONS = (
					"DEBUG=1",
					"$(inherited)",
				);
				GCC_WARN_64_TO_32_BIT_CONVERSION = YES;
				GCC_WARN_ABOUT_RETURN_TYPE = YES_ERROR;
				GCC_WARN_UNDECLARED_SELECTOR = YES;
				GCC_WARN_UNINITIALIZED_AUTOS = YES_AGGRESSIVE;
				GCC_WARN_UNUSED_FUNCTION = YES;
				GCC_WARN_UNUSED_VARIABLE = YES;
				IPHONEOS_DEPLOYMENT_TARGET = 14.2;
				MTL_ENABLE_DEBUG_INFO = INCLUDE_SOURCE;
				MTL_FAST_MATH = YES;
				ONLY_ACTIVE_ARCH = YES;
				SDKROOT = iphoneos;
				SWIFT_ACTIVE_COMPILATION_CONDITIONS = DEBUG;
				SWIFT_OPTIMIZATION_LEVEL = "-Onone";
			};
			name = Debug;
		};
		AA7DFCEB2579D410001941C0 /* Release */ = {
			isa = XCBuildConfiguration;
			buildSettings = {
				ALWAYS_SEARCH_USER_PATHS = NO;
				CLANG_ANALYZER_NONNULL = YES;
				CLANG_ANALYZER_NUMBER_OBJECT_CONVERSION = YES_AGGRESSIVE;
				CLANG_CXX_LANGUAGE_STANDARD = "gnu++14";
				CLANG_CXX_LIBRARY = "libc++";
				CLANG_ENABLE_MODULES = YES;
				CLANG_ENABLE_OBJC_ARC = YES;
				CLANG_ENABLE_OBJC_WEAK = YES;
				CLANG_WARN_BLOCK_CAPTURE_AUTORELEASING = YES;
				CLANG_WARN_BOOL_CONVERSION = YES;
				CLANG_WARN_COMMA = YES;
				CLANG_WARN_CONSTANT_CONVERSION = YES;
				CLANG_WARN_DEPRECATED_OBJC_IMPLEMENTATIONS = YES;
				CLANG_WARN_DIRECT_OBJC_ISA_USAGE = YES_ERROR;
				CLANG_WARN_DOCUMENTATION_COMMENTS = YES;
				CLANG_WARN_EMPTY_BODY = YES;
				CLANG_WARN_ENUM_CONVERSION = YES;
				CLANG_WARN_INFINITE_RECURSION = YES;
				CLANG_WARN_INT_CONVERSION = YES;
				CLANG_WARN_NON_LITERAL_NULL_CONVERSION = YES;
				CLANG_WARN_OBJC_IMPLICIT_RETAIN_SELF = YES;
				CLANG_WARN_OBJC_LITERAL_CONVERSION = YES;
				CLANG_WARN_OBJC_ROOT_CLASS = YES_ERROR;
				CLANG_WARN_QUOTED_INCLUDE_IN_FRAMEWORK_HEADER = YES;
				CLANG_WARN_RANGE_LOOP_ANALYSIS = YES;
				CLANG_WARN_STRICT_PROTOTYPES = YES;
				CLANG_WARN_SUSPICIOUS_MOVE = YES;
				CLANG_WARN_UNGUARDED_AVAILABILITY = YES_AGGRESSIVE;
				CLANG_WARN_UNREACHABLE_CODE = YES;
				CLANG_WARN__DUPLICATE_METHOD_MATCH = YES;
				COPY_PHASE_STRIP = NO;
				DEBUG_INFORMATION_FORMAT = "dwarf-with-dsym";
				ENABLE_NS_ASSERTIONS = NO;
				ENABLE_STRICT_OBJC_MSGSEND = YES;
				GCC_C_LANGUAGE_STANDARD = gnu11;
				GCC_NO_COMMON_BLOCKS = YES;
				GCC_WARN_64_TO_32_BIT_CONVERSION = YES;
				GCC_WARN_ABOUT_RETURN_TYPE = YES_ERROR;
				GCC_WARN_UNDECLARED_SELECTOR = YES;
				GCC_WARN_UNINITIALIZED_AUTOS = YES_AGGRESSIVE;
				GCC_WARN_UNUSED_FUNCTION = YES;
				GCC_WARN_UNUSED_VARIABLE = YES;
				IPHONEOS_DEPLOYMENT_TARGET = 14.2;
				MTL_ENABLE_DEBUG_INFO = NO;
				MTL_FAST_MATH = YES;
				SDKROOT = iphoneos;
				SWIFT_COMPILATION_MODE = wholemodule;
				SWIFT_OPTIMIZATION_LEVEL = "-O";
				VALIDATE_PRODUCT = YES;
			};
			name = Release;
		};
		AA7DFCED2579D410001941C0 /* Debug */ = {
			isa = XCBuildConfiguration;
			buildSettings = {
				ASSETCATALOG_COMPILER_APPICON_NAME = AppIcon;
				ASSETCATALOG_COMPILER_GLOBAL_ACCENT_COLOR_NAME = AccentColor;
				CODE_SIGN_STYLE = Automatic;
				DEVELOPMENT_ASSET_PATHS = "\"Mario64/Preview Content\"";
				DEVELOPMENT_TEAM = "";
				ENABLE_PREVIEWS = YES;
				INFOPLIST_FILE = Mario64/Info.plist;
				IPHONEOS_DEPLOYMENT_TARGET = 14.0;
				LD_RUNPATH_SEARCH_PATHS = (
					"$(inherited)",
					"@executable_path/Frameworks",
				);
				PRODUCT_BUNDLE_IDENTIFIER = "info.office-aship.Mario64";
				PRODUCT_NAME = "$(TARGET_NAME)";
				SWIFT_VERSION = 5.0;
				TARGETED_DEVICE_FAMILY = "1,2";
			};
			name = Debug;
		};
		AA7DFCEE2579D410001941C0 /* Release */ = {
			isa = XCBuildConfiguration;
			buildSettings = {
				ASSETCATALOG_COMPILER_APPICON_NAME = AppIcon;
				ASSETCATALOG_COMPILER_GLOBAL_ACCENT_COLOR_NAME = AccentColor;
				CODE_SIGN_STYLE = Automatic;
				DEVELOPMENT_ASSET_PATHS = "\"Mario64/Preview Content\"";
				DEVELOPMENT_TEAM = "";
				ENABLE_PREVIEWS = YES;
				INFOPLIST_FILE = Mario64/Info.plist;
				IPHONEOS_DEPLOYMENT_TARGET = 14.0;
				LD_RUNPATH_SEARCH_PATHS = (
					"$(inherited)",
					"@executable_path/Frameworks",
				);
				PRODUCT_BUNDLE_IDENTIFIER = "info.office-aship.Mario64";
				PRODUCT_NAME = "$(TARGET_NAME)";
				SWIFT_VERSION = 5.0;
				TARGETED_DEVICE_FAMILY = "1,2";
			};
			name = Release;
		};
		AA7DFCF02579D410001941C0 /* Debug */ = {
			isa = XCBuildConfiguration;
			buildSettings = {
				ALWAYS_EMBED_SWIFT_STANDARD_LIBRARIES = YES;
				BUNDLE_LOADER = "$(TEST_HOST)";
				CODE_SIGN_STYLE = Automatic;
				INFOPLIST_FILE = Mario64Tests/Info.plist;
				IPHONEOS_DEPLOYMENT_TARGET = 14.0;
				LD_RUNPATH_SEARCH_PATHS = (
					"$(inherited)",
					"@executable_path/Frameworks",
					"@loader_path/Frameworks",
				);
				PRODUCT_BUNDLE_IDENTIFIER = "info.office-aship.Mario64Tests";
				PRODUCT_NAME = "$(TARGET_NAME)";
				SWIFT_VERSION = 5.0;
				TARGETED_DEVICE_FAMILY = "1,2";
				TEST_HOST = "$(BUILT_PRODUCTS_DIR)/Mario64.app/Mario64";
			};
			name = Debug;
		};
		AA7DFCF12579D410001941C0 /* Release */ = {
			isa = XCBuildConfiguration;
			buildSettings = {
				ALWAYS_EMBED_SWIFT_STANDARD_LIBRARIES = YES;
				BUNDLE_LOADER = "$(TEST_HOST)";
				CODE_SIGN_STYLE = Automatic;
				INFOPLIST_FILE = Mario64Tests/Info.plist;
				IPHONEOS_DEPLOYMENT_TARGET = 14.0;
				LD_RUNPATH_SEARCH_PATHS = (
					"$(inherited)",
					"@executable_path/Frameworks",
					"@loader_path/Frameworks",
				);
				PRODUCT_BUNDLE_IDENTIFIER = "info.office-aship.Mario64Tests";
				PRODUCT_NAME = "$(TARGET_NAME)";
				SWIFT_VERSION = 5.0;
				TARGETED_DEVICE_FAMILY = "1,2";
				TEST_HOST = "$(BUILT_PRODUCTS_DIR)/Mario64.app/Mario64";
			};
			name = Release;
		};
		AA7DFCF32579D410001941C0 /* Debug */ = {
			isa = XCBuildConfiguration;
			buildSettings = {
				ALWAYS_EMBED_SWIFT_STANDARD_LIBRARIES = YES;
				CODE_SIGN_STYLE = Automatic;
				INFOPLIST_FILE = Mario64UITests/Info.plist;
				LD_RUNPATH_SEARCH_PATHS = (
					"$(inherited)",
					"@executable_path/Frameworks",
					"@loader_path/Frameworks",
				);
				PRODUCT_BUNDLE_IDENTIFIER = "info.office-aship.Mario64UITests";
				PRODUCT_NAME = "$(TARGET_NAME)";
				SWIFT_VERSION = 5.0;
				TARGETED_DEVICE_FAMILY = "1,2";
				TEST_TARGET_NAME = Mario64;
			};
			name = Debug;
		};
		AA7DFCF42579D410001941C0 /* Release */ = {
			isa = XCBuildConfiguration;
			buildSettings = {
				ALWAYS_EMBED_SWIFT_STANDARD_LIBRARIES = YES;
				CODE_SIGN_STYLE = Automatic;
				INFOPLIST_FILE = Mario64UITests/Info.plist;
				LD_RUNPATH_SEARCH_PATHS = (
					"$(inherited)",
					"@executable_path/Frameworks",
					"@loader_path/Frameworks",
				);
				PRODUCT_BUNDLE_IDENTIFIER = "info.office-aship.Mario64UITests";
				PRODUCT_NAME = "$(TARGET_NAME)";
				SWIFT_VERSION = 5.0;
				TARGETED_DEVICE_FAMILY = "1,2";
				TEST_TARGET_NAME = Mario64;
			};
			name = Release;
		};
/* End XCBuildConfiguration section */

/* Begin XCConfigurationList section */
		AA7DFCC22579D40F001941C0 /* Build configuration list for PBXProject "Mario64" */ = {
			isa = XCConfigurationList;
			buildConfigurations = (
				AA7DFCEA2579D410001941C0 /* Debug */,
				AA7DFCEB2579D410001941C0 /* Release */,
			);
			defaultConfigurationIsVisible = 0;
			defaultConfigurationName = Release;
		};
		AA7DFCEC2579D410001941C0 /* Build configuration list for PBXNativeTarget "Mario64" */ = {
			isa = XCConfigurationList;
			buildConfigurations = (
				AA7DFCED2579D410001941C0 /* Debug */,
				AA7DFCEE2579D410001941C0 /* Release */,
			);
			defaultConfigurationIsVisible = 0;
			defaultConfigurationName = Release;
		};
		AA7DFCEF2579D410001941C0 /* Build configuration list for PBXNativeTarget "Mario64Tests" */ = {
			isa = XCConfigurationList;
			buildConfigurations = (
				AA7DFCF02579D410001941C0 /* Debug */,
				AA7DFCF12579D410001941C0 /* Release */,
			);
			defaultConfigurationIsVisible = 0;
			defaultConfigurationName = Release;
		};
		AA7DFCF22579D410001941C0 /* Build configuration list for PBXNativeTarget "Mario64UITests" */ = {
			isa = XCConfigurationList;
			buildConfigurations = (
				AA7DFCF32579D410001941C0 /* Debug */,
				AA7DFCF42579D410001941C0 /* Release */,
			);
			defaultConfigurationIsVisible = 0;
			defaultConfigurationName = Release;
		};
/* End XCConfigurationList section */
	};
	rootObject = AA7DFCBF2579D40F001941C0 /* Project object */;
}
